
Microsoft Visual Studio Solution File, Format Version 12.00
# Visual Studio 15
VisualStudioVersion = 15.0.26228.12
MinimumVisualStudioVersion = 10.0.40219.1
Project("{FAE04EC0-301F-11D3-BF4B-00C04F79EFBC}") = "BankUserAccountManagementApplication", "BankUserAccountManagementApplication\BankUserAccountManagementApplication.csproj", "{BB492516-227C-4B90-BC86-32E0801543A1}"
EndProject
Project("{FAE04EC0-301F-11D3-BF4B-00C04F79EFBC}") = "BankUserAccountManagmentDAL", "BankUserAccountManagmentDAL\BankUserAccountManagmentDAL.csproj", "{AB5EEB2F-D93F-4212-9ACA-A7C35C14D3F4}"
EndProject
Project("{FAE04EC0-301F-11D3-BF4B-00C04F79EFBC}") = "BankAccountManagementTests", "BankAccountManagementTests\BankAccountManagementTests.csproj", "{B8CE5AA0-6508-41FF-9B5D-F6AA60EE0963}"
EndProject
Global
	GlobalSection(SolutionConfigurationPlatforms) = preSolution
		Debug|Any CPU = Debug|Any CPU
		Release|Any CPU = Release|Any CPU
	EndGlobalSection
	GlobalSection(ProjectConfigurationPlatforms) = postSolution
		{BB492516-227C-4B90-BC86-32E0801543A1}.Debug|Any CPU.ActiveCfg = Debug|Any CPU
		{BB492516-227C-4B90-BC86-32E0801543A1}.Debug|Any CPU.Build.0 = Debug|Any CPU
		{BB492516-227C-4B90-BC86-32E0801543A1}.Release|Any CPU.ActiveCfg = Release|Any CPU
		{BB492516-227C-4B90-BC86-32E0801543A1}.Release|Any CPU.Build.0 = Release|Any CPU
		{AB5EEB2F-D93F-4212-9ACA-A7C35C14D3F4}.Debug|Any CPU.ActiveCfg = Debug|Any CPU
		{AB5EEB2F-D93F-4212-9ACA-A7C35C14D3F4}.Debug|Any CPU.Build.0 = Debug|Any CPU
		{AB5EEB2F-D93F-4212-9ACA-A7C35C14D3F4}.Release|Any CPU.ActiveCfg = Release|Any CPU
		{AB5EEB2F-D93F-4212-9ACA-A7C35C14D3F4}.Release|Any CPU.Build.0 = Release|Any CPU
		{B8CE5AA0-6508-41FF-9B5D-F6AA60EE0963}.Debug|Any CPU.ActiveCfg = Debug|Any CPU
		{B8CE5AA0-6508-41FF-9B5D-F6AA60EE0963}.Debug|Any CPU.Build.0 = Debug|Any CPU
		{B8CE5AA0-6508-41FF-9B5D-F6AA60EE0963}.Release|Any CPU.ActiveCfg = Release|Any CPU
		{B8CE5AA0-6508-41FF-9B5D-F6AA60EE0963}.Release|Any CPU.Build.0 = Release|Any CPU
	EndGlobalSection
	GlobalSection(SolutionProperties) = preSolution
		HideSolutionNode = FALSE
	EndGlobalSection
EndGlobal
